
Microsoft Visual Studio Solution File, Format Version 12.00
# Visual Studio 2013
VisualStudioVersion = 12.0.31101.0
MinimumVisualStudioVersion = 10.0.40219.1
Project("{FAE04EC0-301F-11D3-BF4B-00C04F79EFBC}") = "GridBank", "GridBank\GridBank.csproj", "{4FE42607-3E9B-42DC-B7C5-890CC57DC3BF}"
EndProject
Project("{FAE04EC0-301F-11D3-BF4B-00C04F79EFBC}") = "GridBankApi", "GridBankApi\GridBankApi.csproj", "{9215D018-6673-4E7F-A8BD-0C10488B5119}"
EndProject
Project("{FAE04EC0-301F-11D3-BF4B-00C04F79EFBC}") = "GridBankService", "GridBankService\GridBankService.csproj", "{3D83A7F3-78F9-454B-A762-DBE81B25F413}"
EndProject
Project("{FAE04EC0-301F-11D3-BF4B-00C04F79EFBC}") = "GridBankData", "GridBankData\GridBankData.csproj", "{EC41C974-4752-4893-96C5-9C49813E24FD}"
EndProject
Project("{2150E333-8FDC-42A3-9474-1A3956D46DE8}") = "Remote", "Remote", "{4754FD87-73E2-496F-94F1-BC4651CD9FCC}"
EndProject
Project("{FAE04EC0-301F-11D3-BF4B-00C04F79EFBC}") = "CentralHub", "CentralHub\CentralHub.csproj", "{EFA450D6-067C-4DF5-B563-3A438A45C46D}"
EndProject
Project("{FAE04EC0-301F-11D3-BF4B-00C04F79EFBC}") = "CentralHubService", "CentralHubService\CentralHubService.csproj", "{E7A5D0B5-AA79-4BCD-8588-345147C6A196}"
EndProject
Project("{FAE04EC0-301F-11D3-BF4B-00C04F79EFBC}") = "CentralHubData", "CentralHubData\CentralHubData.csproj", "{26E28AA0-0F34-45A2-AAFC-C403DF791C6A}"
EndProject
Project("{2150E333-8FDC-42A3-9474-1A3956D46DE8}") = "Corporate", "Corporate", "{866EE3A0-21FB-4E91-AA4B-64F33E5ED214}"
EndProject
Global
	GlobalSection(SolutionConfigurationPlatforms) = preSolution
		Debug|Any CPU = Debug|Any CPU
		Release|Any CPU = Release|Any CPU
	EndGlobalSection
	GlobalSection(ProjectConfigurationPlatforms) = postSolution
		{4FE42607-3E9B-42DC-B7C5-890CC57DC3BF}.Debug|Any CPU.ActiveCfg = Debug|Any CPU
		{4FE42607-3E9B-42DC-B7C5-890CC57DC3BF}.Debug|Any CPU.Build.0 = Debug|Any CPU
		{4FE42607-3E9B-42DC-B7C5-890CC57DC3BF}.Release|Any CPU.ActiveCfg = Release|Any CPU
		{4FE42607-3E9B-42DC-B7C5-890CC57DC3BF}.Release|Any CPU.Build.0 = Release|Any CPU
		{9215D018-6673-4E7F-A8BD-0C10488B5119}.Debug|Any CPU.ActiveCfg = Debug|Any CPU
		{9215D018-6673-4E7F-A8BD-0C10488B5119}.Debug|Any CPU.Build.0 = Debug|Any CPU
		{9215D018-6673-4E7F-A8BD-0C10488B5119}.Release|Any CPU.ActiveCfg = Release|Any CPU
		{9215D018-6673-4E7F-A8BD-0C10488B5119}.Release|Any CPU.Build.0 = Release|Any CPU
		{3D83A7F3-78F9-454B-A762-DBE81B25F413}.Debug|Any CPU.ActiveCfg = Debug|Any CPU
		{3D83A7F3-78F9-454B-A762-DBE81B25F413}.Debug|Any CPU.Build.0 = Debug|Any CPU
		{3D83A7F3-78F9-454B-A762-DBE81B25F413}.Release|Any CPU.ActiveCfg = Release|Any CPU
		{3D83A7F3-78F9-454B-A762-DBE81B25F413}.Release|Any CPU.Build.0 = Release|Any CPU
		{EC41C974-4752-4893-96C5-9C49813E24FD}.Debug|Any CPU.ActiveCfg = Debug|Any CPU
		{EC41C974-4752-4893-96C5-9C49813E24FD}.Debug|Any CPU.Build.0 = Debug|Any CPU
		{EC41C974-4752-4893-96C5-9C49813E24FD}.Release|Any CPU.ActiveCfg = Release|Any CPU
		{EC41C974-4752-4893-96C5-9C49813E24FD}.Release|Any CPU.Build.0 = Release|Any CPU
		{EFA450D6-067C-4DF5-B563-3A438A45C46D}.Debug|Any CPU.ActiveCfg = Debug|Any CPU
		{EFA450D6-067C-4DF5-B563-3A438A45C46D}.Debug|Any CPU.Build.0 = Debug|Any CPU
		{EFA450D6-067C-4DF5-B563-3A438A45C46D}.Release|Any CPU.ActiveCfg = Release|Any CPU
		{EFA450D6-067C-4DF5-B563-3A438A45C46D}.Release|Any CPU.Build.0 = Release|Any CPU
		{E7A5D0B5-AA79-4BCD-8588-345147C6A196}.Debug|Any CPU.ActiveCfg = Debug|Any CPU
		{E7A5D0B5-AA79-4BCD-8588-345147C6A196}.Debug|Any CPU.Build.0 = Debug|Any CPU
		{E7A5D0B5-AA79-4BCD-8588-345147C6A196}.Release|Any CPU.ActiveCfg = Release|Any CPU
		{E7A5D0B5-AA79-4BCD-8588-345147C6A196}.Release|Any CPU.Build.0 = Release|Any CPU
		{26E28AA0-0F34-45A2-AAFC-C403DF791C6A}.Debug|Any CPU.ActiveCfg = Debug|Any CPU
		{26E28AA0-0F34-45A2-AAFC-C403DF791C6A}.Debug|Any CPU.Build.0 = Debug|Any CPU
		{26E28AA0-0F34-45A2-AAFC-C403DF791C6A}.Release|Any CPU.ActiveCfg = Release|Any CPU
		{26E28AA0-0F34-45A2-AAFC-C403DF791C6A}.Release|Any CPU.Build.0 = Release|Any CPU
	EndGlobalSection
	GlobalSection(SolutionProperties) = preSolution
		HideSolutionNode = FALSE
	EndGlobalSection
	GlobalSection(NestedProjects) = preSolution
		{4FE42607-3E9B-42DC-B7C5-890CC57DC3BF} = {4754FD87-73E2-496F-94F1-BC4651CD9FCC}
		{9215D018-6673-4E7F-A8BD-0C10488B5119} = {4754FD87-73E2-496F-94F1-BC4651CD9FCC}
		{3D83A7F3-78F9-454B-A762-DBE81B25F413} = {4754FD87-73E2-496F-94F1-BC4651CD9FCC}
		{EC41C974-4752-4893-96C5-9C49813E24FD} = {4754FD87-73E2-496F-94F1-BC4651CD9FCC}
		{EFA450D6-067C-4DF5-B563-3A438A45C46D} = {866EE3A0-21FB-4E91-AA4B-64F33E5ED214}
		{E7A5D0B5-AA79-4BCD-8588-345147C6A196} = {866EE3A0-21FB-4E91-AA4B-64F33E5ED214}
		{26E28AA0-0F34-45A2-AAFC-C403DF791C6A} = {866EE3A0-21FB-4E91-AA4B-64F33E5ED214}
	EndGlobalSection
EndGlobal
